<?xml version="1.0" encoding="utf-8"?>
<Project ToolsVersion="4.0" xmlns="http://schemas.microsoft.com/developer/msbuild/2003">
  <ItemGroup>
    <Filter Include="소스 파일">
      <UniqueIdentifier>{4FC737F1-C7A5-4376-A066-2A32D752A2FF}</UniqueIdentifier>
      <Extensions>cpp;c;cc;cxx;c++;cppm;ixx;def;odl;idl;hpj;bat;asm;asmx</Extensions>
    </Filter>
    <Filter Include="헤더 파일">
      <UniqueIdentifier>{93995380-89BD-4b04-88EB-625FBE52EBFB}</UniqueIdentifier>
      <Extensions>h;hh;hpp;hxx;h++;hm;inl;inc;ipp;xsd</Extensions>
    </Filter>
    <Filter Include="리소스 파일">
      <UniqueIdentifier>{67DA6AB6-F800-4c08-8B7A-83BB121AAD01}</UniqueIdentifier>
      <Extensions>rc;ico;cur;bmp;dlg;rc2;rct;bin;rgs;gif;jpg;jpeg;jpe;resx;tiff;tif;png;wav;mfcribbon-ms</Extensions>
    </Filter>
  </ItemGroup>
  <ItemGroup>
    <ClCompile Include="Hello World.cpp">
      <Filter>소스 파일</Filter>
    </ClCompile>
    <ClCompile Include="A+B.cpp">
      <Filter>소스 파일</Filter>
    </ClCompile>
    <ClCompile Include="A-B.cpp">
      <Filter>소스 파일</Filter>
    </ClCompile>
    <ClCompile Include="AxB.cpp">
      <Filter>소스 파일</Filter>
    </ClCompile>
    <ClCompile Include="A 나누기 B.cpp">
      <Filter>소스 파일</Filter>
    </ClCompile>
    <ClCompile Include="A 나누기 B-1.cpp">
      <Filter>소스 파일</Filter>
    </ClCompile>
    <ClCompile Include="완전제곱수.cpp">
      <Filter>소스 파일</Filter>
    </ClCompile>
    <ClCompile Include="첼시.cpp">
      <Filter>소스 파일</Filter>
    </ClCompile>
    <ClCompile Include="생일.cpp">
      <Filter>소스 파일</Filter>
    </ClCompile>
    <ClCompile Include="자연수 n.cpp">
      <Filter>소스 파일</Filter>
    </ClCompile>
    <ClCompile Include="24.cpp">
      <Filter>소스 파일</Filter>
    </ClCompile>
    <ClCompile Include="reverse n.cpp">
      <Filter>소스 파일</Filter>
    </ClCompile>
    <ClCompile Include="multiplication table.cpp">
      <Filter>소스 파일</Filter>
    </ClCompile>
    <ClCompile Include="star1.cpp">
      <Filter>소스 파일</Filter>
    </ClCompile>
    <ClCompile Include="star2.cpp">
      <Filter>소스 파일</Filter>
    </ClCompile>
    <ClCompile Include="star3.cpp">
      <Filter>소스 파일</Filter>
    </ClCompile>
    <ClCompile Include="star4.cpp">
      <Filter>소스 파일</Filter>
    </ClCompile>
    <ClCompile Include="sum.cpp">
      <Filter>소스 파일</Filter>
    </ClCompile>
    <ClCompile Include="최대공약수 최대공배수.cpp">
      <Filter>소스 파일</Filter>
    </ClCompile>
    <ClCompile Include="fibonacci.cpp">
      <Filter>소스 파일</Filter>
    </ClCompile>
    <ClCompile Include="receipt.cpp">
      <Filter>소스 파일</Filter>
    </ClCompile>
    <ClCompile Include="unit.cpp">
      <Filter>소스 파일</Filter>
    </ClCompile>
    <ClCompile Include="bag.cpp">
      <Filter>소스 파일</Filter>
    </ClCompile>
    <ClCompile Include="middle.cpp">
      <Filter>소스 파일</Filter>
    </ClCompile>
    <ClCompile Include="Binomial coefficient.cpp">
      <Filter>소스 파일</Filter>
    </ClCompile>
    <ClCompile Include="학점.cpp">
      <Filter>소스 파일</Filter>
    </ClCompile>
    <ClCompile Include="apple.cpp">
      <Filter>소스 파일</Filter>
    </ClCompile>
    <ClCompile Include="howmuch.cpp">
      <Filter>소스 파일</Filter>
    </ClCompile>
    <ClCompile Include="plug.cpp">
      <Filter>소스 파일</Filter>
    </ClCompile>
    <ClCompile Include="stair.cpp">
      <Filter>소스 파일</Filter>
    </ClCompile>
    <ClCompile Include="소수&amp;팰린드롬.cpp">
      <Filter>소스 파일</Filter>
    </ClCompile>
    <ClCompile Include="누울 자리를 찾아라.cpp">
      <Filter>소스 파일</Filter>
    </ClCompile>
    <ClCompile Include="카드게임.cpp">
      <Filter>소스 파일</Filter>
    </ClCompile>
    <ClCompile Include="더하기 사이클.cpp">
      <Filter>소스 파일</Filter>
    </ClCompile>
    <ClCompile Include="디지털 티비.cpp">
      <Filter>소스 파일</Filter>
    </ClCompile>
    <ClCompile Include="올림픽.cpp">
      <Filter>소스 파일</Filter>
    </ClCompile>
    <ClCompile Include="연결 요소의 개수.cpp">
      <Filter>소스 파일</Filter>
    </ClCompile>
    <ClCompile Include="바이러스.cpp">
      <Filter>소스 파일</Filter>
    </ClCompile>
    <ClCompile Include="유기농 배추.cpp">
      <Filter>소스 파일</Filter>
    </ClCompile>
    <ClCompile Include="영역 구하기.cpp">
      <Filter>소스 파일</Filter>
    </ClCompile>
  </ItemGroup>
</Project>